
Microsoft Visual Studio Solution File, Format Version 12.00
# Visual Studio 2012
Project("{FAE04EC0-301F-11D3-BF4B-00C04F79EFBC}") = "CodeRust", "CodeRust\CodeRust.csproj", "{FAD7039A-09DB-4730-A598-EE04A6EC7BA4}"
EndProject
Global
	GlobalSection(SolutionConfigurationPlatforms) = preSolution
		Debug|Any CPU = Debug|Any CPU
		Release|Any CPU = Release|Any CPU
	EndGlobalSection
	GlobalSection(ProjectConfigurationPlatforms) = postSolution
		{FAD7039A-09DB-4730-A598-EE04A6EC7BA4}.Debug|Any CPU.ActiveCfg = Debug|Any CPU
		{FAD7039A-09DB-4730-A598-EE04A6EC7BA4}.Debug|Any CPU.Build.0 = Debug|Any CPU
		{FAD7039A-09DB-4730-A598-EE04A6EC7BA4}.Release|Any CPU.ActiveCfg = Release|Any CPU
		{FAD7039A-09DB-4730-A598-EE04A6EC7BA4}.Release|Any CPU.Build.0 = Release|Any CPU
	EndGlobalSection
EndGlobal
